PODS:
  - MAAutoLayout (1.7.0)
  - Masonry (1.1.0)

DEPENDENCIES:
  - MAAutoLayout (from `../`)
  - Masonry

SPEC REPOS:
  trunk:
    - Masonry

EXTERNAL SOURCES:
  MAAutoLayout:
    :path: "../"

SPEC CHECKSUMS:
  MAAutoLayout: fe2aaecfc8376efa903e26f2427f33c8c268414e
  Masonry: 678fab65091a9290e40e2832a55e7ab731aad201

PODFILE CHECKSUM: cd1daea191f88722ec84235d695c52d2c109589e

COCOAPODS: 1.9.1
